
Microsoft Visual Studio Solution File, Format Version 12.00
# Visual Studio Version 17
VisualStudioVersion = 17.2.32630.192
MinimumVisualStudioVersion = 10.0.40219.1
Project("{9A19103F-16F7-4668-BE54-9A1E7A4F7556}") = "PTC.Domain", "PTC.Domain\PTC.Domain.csproj", "{6992F76C-91CE-42EE-9220-C7C70B44808A}"
EndProject
Project("{9A19103F-16F7-4668-BE54-9A1E7A4F7556}") = "PTC.Infrastructure", "PTC.Infrastructure\PTC.Infrastructure.csproj", "{51073C62-37CF-4094-930E-8BA3EAA6D016}"
EndProject
Project("{9A19103F-16F7-4668-BE54-9A1E7A4F7556}") = "PTC.Application", "PTC.Service\PTC.Application.csproj", "{69E53A9E-591D-4061-88CE-6CBA3F35BBE6}"
EndProject
Project("{2150E333-8FDC-42A3-9474-1A3956D46DE8}") = "WEB", "WEB", "{BE1D3B3C-87D4-489F-A716-6DE36811493D}"
EndProject
Project("{2150E333-8FDC-42A3-9474-1A3956D46DE8}") = "Application", "Application", "{A6526D54-42C4-4254-BA1C-CA22837873A5}"
EndProject
Project("{2150E333-8FDC-42A3-9474-1A3956D46DE8}") = "Domain", "Domain", "{1E222F34-687D-416C-865D-3DCA2BDF181F}"
EndProject
Project("{2150E333-8FDC-42A3-9474-1A3956D46DE8}") = "Infraestructure", "Infraestructure", "{4BAA89D9-AA7C-4C42-9B4C-7B7F2925F240}"
EndProject
Project("{2150E333-8FDC-42A3-9474-1A3956D46DE8}") = "Test", "Test", "{383DF6F2-341F-4F6D-B57B-8E8E0576BFBC}"
EndProject
Project("{9A19103F-16F7-4668-BE54-9A1E7A4F7556}") = "PTC.Test", "PTC.Test\PTC.Test.csproj", "{B698FA9A-CA50-4A80-A060-CC555FD486B5}"
EndProject
Project("{9A19103F-16F7-4668-BE54-9A1E7A4F7556}") = "PTC.WEB", "PTC.WEB\PTC.WEB.csproj", "{24B573E3-2DDB-45C8-A202-B9346659A52A}"
EndProject
Project("{2150E333-8FDC-42A3-9474-1A3956D46DE8}") = "Solution Items", "Solution Items", "{E3BA9B60-0C12-407C-A73D-154FC8B7996D}"
	ProjectSection(SolutionItems) = preProject
		.editorconfig = .editorconfig
	EndProjectSection
EndProject
Global
	GlobalSection(SolutionConfigurationPlatforms) = preSolution
		Debug|Any CPU = Debug|Any CPU
		Release|Any CPU = Release|Any CPU
	EndGlobalSection
	GlobalSection(ProjectConfigurationPlatforms) = postSolution
		{6992F76C-91CE-42EE-9220-C7C70B44808A}.Debug|Any CPU.ActiveCfg = Debug|Any CPU
		{6992F76C-91CE-42EE-9220-C7C70B44808A}.Debug|Any CPU.Build.0 = Debug|Any CPU
		{6992F76C-91CE-42EE-9220-C7C70B44808A}.Release|Any CPU.ActiveCfg = Release|Any CPU
		{6992F76C-91CE-42EE-9220-C7C70B44808A}.Release|Any CPU.Build.0 = Release|Any CPU
		{51073C62-37CF-4094-930E-8BA3EAA6D016}.Debug|Any CPU.ActiveCfg = Debug|Any CPU
		{51073C62-37CF-4094-930E-8BA3EAA6D016}.Debug|Any CPU.Build.0 = Debug|Any CPU
		{51073C62-37CF-4094-930E-8BA3EAA6D016}.Release|Any CPU.ActiveCfg = Release|Any CPU
		{51073C62-37CF-4094-930E-8BA3EAA6D016}.Release|Any CPU.Build.0 = Release|Any CPU
		{69E53A9E-591D-4061-88CE-6CBA3F35BBE6}.Debug|Any CPU.ActiveCfg = Debug|Any CPU
		{69E53A9E-591D-4061-88CE-6CBA3F35BBE6}.Debug|Any CPU.Build.0 = Debug|Any CPU
		{69E53A9E-591D-4061-88CE-6CBA3F35BBE6}.Release|Any CPU.ActiveCfg = Release|Any CPU
		{69E53A9E-591D-4061-88CE-6CBA3F35BBE6}.Release|Any CPU.Build.0 = Release|Any CPU
		{B698FA9A-CA50-4A80-A060-CC555FD486B5}.Debug|Any CPU.ActiveCfg = Debug|Any CPU
		{B698FA9A-CA50-4A80-A060-CC555FD486B5}.Debug|Any CPU.Build.0 = Debug|Any CPU
		{B698FA9A-CA50-4A80-A060-CC555FD486B5}.Release|Any CPU.ActiveCfg = Release|Any CPU
		{B698FA9A-CA50-4A80-A060-CC555FD486B5}.Release|Any CPU.Build.0 = Release|Any CPU
		{24B573E3-2DDB-45C8-A202-B9346659A52A}.Debug|Any CPU.ActiveCfg = Debug|Any CPU
		{24B573E3-2DDB-45C8-A202-B9346659A52A}.Debug|Any CPU.Build.0 = Debug|Any CPU
		{24B573E3-2DDB-45C8-A202-B9346659A52A}.Release|Any CPU.ActiveCfg = Release|Any CPU
		{24B573E3-2DDB-45C8-A202-B9346659A52A}.Release|Any CPU.Build.0 = Release|Any CPU
	EndGlobalSection
	GlobalSection(SolutionProperties) = preSolution
		HideSolutionNode = FALSE
	EndGlobalSection
	GlobalSection(NestedProjects) = preSolution
		{6992F76C-91CE-42EE-9220-C7C70B44808A} = {1E222F34-687D-416C-865D-3DCA2BDF181F}
		{51073C62-37CF-4094-930E-8BA3EAA6D016} = {4BAA89D9-AA7C-4C42-9B4C-7B7F2925F240}
		{69E53A9E-591D-4061-88CE-6CBA3F35BBE6} = {A6526D54-42C4-4254-BA1C-CA22837873A5}
		{B698FA9A-CA50-4A80-A060-CC555FD486B5} = {383DF6F2-341F-4F6D-B57B-8E8E0576BFBC}
		{24B573E3-2DDB-45C8-A202-B9346659A52A} = {BE1D3B3C-87D4-489F-A716-6DE36811493D}
	EndGlobalSection
	GlobalSection(ExtensibilityGlobals) = postSolution
		SolutionGuid = {A5844550-D025-4C48-8B6C-2FC1DEBF3F38}
	EndGlobalSection
EndGlobal
